
Microsoft Visual Studio Solution File, Format Version 12.00
# Visual Studio Version 17
VisualStudioVersion = 17.11.35222.181
MinimumVisualStudioVersion = 10.0.40219.1
Project("{9A19103F-16F7-4668-BE54-9A1E7A4F7556}") = "ZenMindMAUI", "ZenMindMAUI\ZenMindMAUI.csproj", "{D2DD1243-9B00-454A-8B58-B04443912386}"
EndProject
Project("{9A19103F-16F7-4668-BE54-9A1E7A4F7556}") = "ZenMindMAUIBlazor", "ZenMindMAUIBlazor\ZenMindMAUIBlazor.csproj", "{E0F6AF65-93EF-4D31-8784-F6DBFB3E3D8E}"
EndProject
Global
	GlobalSection(SolutionConfigurationPlatforms) = preSolution
		Debug|Any CPU = Debug|Any CPU
		Release|Any CPU = Release|Any CPU
	EndGlobalSection
	GlobalSection(ProjectConfigurationPlatforms) = postSolution
		{D2DD1243-9B00-454A-8B58-B04443912386}.Debug|Any CPU.ActiveCfg = Debug|Any CPU
		{D2DD1243-9B00-454A-8B58-B04443912386}.Debug|Any CPU.Build.0 = Debug|Any CPU
		{D2DD1243-9B00-454A-8B58-B04443912386}.Debug|Any CPU.Deploy.0 = Debug|Any CPU
		{D2DD1243-9B00-454A-8B58-B04443912386}.Release|Any CPU.ActiveCfg = Release|Any CPU
		{D2DD1243-9B00-454A-8B58-B04443912386}.Release|Any CPU.Build.0 = Release|Any CPU
		{D2DD1243-9B00-454A-8B58-B04443912386}.Release|Any CPU.Deploy.0 = Release|Any CPU
		{E0F6AF65-93EF-4D31-8784-F6DBFB3E3D8E}.Debug|Any CPU.ActiveCfg = Debug|Any CPU
		{E0F6AF65-93EF-4D31-8784-F6DBFB3E3D8E}.Debug|Any CPU.Build.0 = Debug|Any CPU
		{E0F6AF65-93EF-4D31-8784-F6DBFB3E3D8E}.Debug|Any CPU.Deploy.0 = Debug|Any CPU
		{E0F6AF65-93EF-4D31-8784-F6DBFB3E3D8E}.Release|Any CPU.ActiveCfg = Release|Any CPU
		{E0F6AF65-93EF-4D31-8784-F6DBFB3E3D8E}.Release|Any CPU.Build.0 = Release|Any CPU
		{E0F6AF65-93EF-4D31-8784-F6DBFB3E3D8E}.Release|Any CPU.Deploy.0 = Release|Any CPU
	EndGlobalSection
	GlobalSection(SolutionProperties) = preSolution
		HideSolutionNode = FALSE
	EndGlobalSection
	GlobalSection(ExtensibilityGlobals) = postSolution
		SolutionGuid = {967B034E-0916-459D-AC6B-F1384249CD50}
	EndGlobalSection
EndGlobal
